
Microsoft Visual Studio Solution File, Format Version 12.00
# Visual Studio 2013
VisualStudioVersion = 12.0.21005.1
MinimumVisualStudioVersion = 10.0.40219.1
Project("{FAE04EC0-301F-11D3-BF4B-00C04F79EFBC}") = "MvcApplicationProject", "MvcApplication2\MvcApplicationProject.csproj", "{D4D97498-99A5-45F4-88B5-843DC1BBE1D0}"
EndProject
Project("{FAE04EC0-301F-11D3-BF4B-00C04F79EFBC}") = "UnitTestProject1", "UnitTestProject1\UnitTestProject1.csproj", "{EBEB881D-AB80-4BC8-B530-F6DDB2E712C3}"
EndProject
Global
	GlobalSection(SolutionConfigurationPlatforms) = preSolution
		Debug|Any CPU = Debug|Any CPU
		Release|Any CPU = Release|Any CPU
	EndGlobalSection
	GlobalSection(ProjectConfigurationPlatforms) = postSolution
		{D4D97498-99A5-45F4-88B5-843DC1BBE1D0}.Debug|Any CPU.ActiveCfg = Debug|Any CPU
		{D4D97498-99A5-45F4-88B5-843DC1BBE1D0}.Debug|Any CPU.Build.0 = Debug|Any CPU
		{D4D97498-99A5-45F4-88B5-843DC1BBE1D0}.Release|Any CPU.ActiveCfg = Release|Any CPU
		{D4D97498-99A5-45F4-88B5-843DC1BBE1D0}.Release|Any CPU.Build.0 = Release|Any CPU
		{EBEB881D-AB80-4BC8-B530-F6DDB2E712C3}.Debug|Any CPU.ActiveCfg = Debug|Any CPU
		{EBEB881D-AB80-4BC8-B530-F6DDB2E712C3}.Debug|Any CPU.Build.0 = Debug|Any CPU
		{EBEB881D-AB80-4BC8-B530-F6DDB2E712C3}.Release|Any CPU.ActiveCfg = Release|Any CPU
		{EBEB881D-AB80-4BC8-B530-F6DDB2E712C3}.Release|Any CPU.Build.0 = Release|Any CPU
	EndGlobalSection
	GlobalSection(SolutionProperties) = preSolution
		HideSolutionNode = FALSE
	EndGlobalSection
EndGlobal
